
Microsoft Visual Studio Solution File, Format Version 12.00
# Visual Studio Version 16
VisualStudioVersion = 16.0.29806.167
MinimumVisualStudioVersion = 10.0.40219.1
Project("{8BC9CEB8-8B4A-11D0-8D11-00A0C91BC942}") = "github2", "github2\github2.vcxproj", "{7F5724CB-967C-407C-9B70-2238620A3207}"
EndProject
Project("{8BC9CEB8-8B4A-11D0-8D11-00A0C91BC942}") = "algorithm_p", "..\algorithm_p\algorithm_p\algorithm_p.vcxproj", "{6320E562-F854-4843-8A23-32BFABCDC9E6}"
EndProject
Global
	GlobalSection(SolutionConfigurationPlatforms) = preSolution
		Debug|x64 = Debug|x64
		Debug|x86 = Debug|x86
		Release|x64 = Release|x64
		Release|x86 = Release|x86
	EndGlobalSection
	GlobalSection(ProjectConfigurationPlatforms) = postSolution
		{7F5724CB-967C-407C-9B70-2238620A3207}.Debug|x64.ActiveCfg = Debug|x64
		{7F5724CB-967C-407C-9B70-2238620A3207}.Debug|x64.Build.0 = Debug|x64
		{7F5724CB-967C-407C-9B70-2238620A3207}.Debug|x86.ActiveCfg = Debug|Win32
		{7F5724CB-967C-407C-9B70-2238620A3207}.Debug|x86.Build.0 = Debug|Win32
		{7F5724CB-967C-407C-9B70-2238620A3207}.Release|x64.ActiveCfg = Release|x64
		{7F5724CB-967C-407C-9B70-2238620A3207}.Release|x64.Build.0 = Release|x64
		{7F5724CB-967C-407C-9B70-2238620A3207}.Release|x86.ActiveCfg = Release|Win32
		{7F5724CB-967C-407C-9B70-2238620A3207}.Release|x86.Build.0 = Release|Win32
		{6320E562-F854-4843-8A23-32BFABCDC9E6}.Debug|x64.ActiveCfg = Debug|x64
		{6320E562-F854-4843-8A23-32BFABCDC9E6}.Debug|x64.Build.0 = Debug|x64
		{6320E562-F854-4843-8A23-32BFABCDC9E6}.Debug|x86.ActiveCfg = Debug|Win32
		{6320E562-F854-4843-8A23-32BFABCDC9E6}.Debug|x86.Build.0 = Debug|Win32
		{6320E562-F854-4843-8A23-32BFABCDC9E6}.Release|x64.ActiveCfg = Release|x64
		{6320E562-F854-4843-8A23-32BFABCDC9E6}.Release|x64.Build.0 = Release|x64
		{6320E562-F854-4843-8A23-32BFABCDC9E6}.Release|x86.ActiveCfg = Release|Win32
		{6320E562-F854-4843-8A23-32BFABCDC9E6}.Release|x86.Build.0 = Release|Win32
	EndGlobalSection
	GlobalSection(SolutionProperties) = preSolution
		HideSolutionNode = FALSE
	EndGlobalSection
	GlobalSection(ExtensibilityGlobals) = postSolution
		SolutionGuid = {5A3FBA3C-E1FC-4AAF-A3E7-2385D878DA23}
	EndGlobalSection
EndGlobal
